
Microsoft Visual Studio Solution File, Format Version 12.00
# Visual Studio Version 17
VisualStudioVersion = 17.2.32616.157
MinimumVisualStudioVersion = 10.0.40219.1
Project("{9A19103F-16F7-4668-BE54-9A1E7A4F7556}") = "URL_Shortener_API_Tests", "API_Tests\URL_Shortener_API_Tests.csproj", "{FA4C3C98-7787-4D49-A2EF-A3E07445F963}"
EndProject
Project("{9A19103F-16F7-4668-BE54-9A1E7A4F7556}") = "URL_Shortener_WebApp_Tests", "WepAppSelenium\URL_Shortener_WebApp_Tests.csproj", "{CA9275BC-FFAF-4DC0-8580-8B1D0E6DC5D9}"
EndProject
Project("{9A19103F-16F7-4668-BE54-9A1E7A4F7556}") = "Mobile_Tests_Appium", "Mobile_Tests_Appium\Mobile_Tests_Appium.csproj", "{19E31FA5-C3A1-49CB-8677-F4803C556918}"
EndProject
Global
	GlobalSection(SolutionConfigurationPlatforms) = preSolution
		Debug|Any CPU = Debug|Any CPU
		Release|Any CPU = Release|Any CPU
	EndGlobalSection
	GlobalSection(ProjectConfigurationPlatforms) = postSolution
		{FA4C3C98-7787-4D49-A2EF-A3E07445F963}.Debug|Any CPU.ActiveCfg = Debug|Any CPU
		{FA4C3C98-7787-4D49-A2EF-A3E07445F963}.Debug|Any CPU.Build.0 = Debug|Any CPU
		{FA4C3C98-7787-4D49-A2EF-A3E07445F963}.Release|Any CPU.ActiveCfg = Release|Any CPU
		{FA4C3C98-7787-4D49-A2EF-A3E07445F963}.Release|Any CPU.Build.0 = Release|Any CPU
		{CA9275BC-FFAF-4DC0-8580-8B1D0E6DC5D9}.Debug|Any CPU.ActiveCfg = Debug|Any CPU
		{CA9275BC-FFAF-4DC0-8580-8B1D0E6DC5D9}.Debug|Any CPU.Build.0 = Debug|Any CPU
		{CA9275BC-FFAF-4DC0-8580-8B1D0E6DC5D9}.Release|Any CPU.ActiveCfg = Release|Any CPU
		{CA9275BC-FFAF-4DC0-8580-8B1D0E6DC5D9}.Release|Any CPU.Build.0 = Release|Any CPU
		{19E31FA5-C3A1-49CB-8677-F4803C556918}.Debug|Any CPU.ActiveCfg = Debug|Any CPU
		{19E31FA5-C3A1-49CB-8677-F4803C556918}.Debug|Any CPU.Build.0 = Debug|Any CPU
		{19E31FA5-C3A1-49CB-8677-F4803C556918}.Release|Any CPU.ActiveCfg = Release|Any CPU
		{19E31FA5-C3A1-49CB-8677-F4803C556918}.Release|Any CPU.Build.0 = Release|Any CPU
	EndGlobalSection
	GlobalSection(SolutionProperties) = preSolution
		HideSolutionNode = FALSE
	EndGlobalSection
	GlobalSection(ExtensibilityGlobals) = postSolution
		SolutionGuid = {FB0AA660-42F1-44A3-B266-9FE2DAE6F77E}
	EndGlobalSection
EndGlobal
